
Microsoft Visual Studio Solution File, Format Version 12.00
# Visual Studio Version 16
VisualStudioVersion = 16.0.30114.105
MinimumVisualStudioVersion = 10.0.40219.1
Project("{F2A71F9B-5D33-465A-A702-920D77279786}") = "Demos", "Demos\Demos.fsproj", "{2F02BC48-2885-4B08-9E15-3D89DC9C0FD6}"
EndProject
Global
	GlobalSection(SolutionConfigurationPlatforms) = preSolution
		Debug|Any CPU = Debug|Any CPU
		Release|Any CPU = Release|Any CPU
	EndGlobalSection
	GlobalSection(SolutionProperties) = preSolution
		HideSolutionNode = FALSE
	EndGlobalSection
	GlobalSection(ProjectConfigurationPlatforms) = postSolution
		{2F02BC48-2885-4B08-9E15-3D89DC9C0FD6}.Debug|Any CPU.ActiveCfg = Debug|Any CPU
		{2F02BC48-2885-4B08-9E15-3D89DC9C0FD6}.Debug|Any CPU.Build.0 = Debug|Any CPU
		{2F02BC48-2885-4B08-9E15-3D89DC9C0FD6}.Release|Any CPU.ActiveCfg = Release|Any CPU
		{2F02BC48-2885-4B08-9E15-3D89DC9C0FD6}.Release|Any CPU.Build.0 = Release|Any CPU
	EndGlobalSection
EndGlobal
